
Microsoft Visual Studio Solution File, Format Version 12.00
# Visual Studio 15
VisualStudioVersion = 15.0.28307.421
MinimumVisualStudioVersion = 10.0.40219.1
Project("{FAE04EC0-301F-11D3-BF4B-00C04F79EFBC}") = "Music", "Music\Music.csproj", "{A28751EA-732E-4C49-A6C0-016D1859C1CE}"
EndProject
Global
	GlobalSection(SolutionConfigurationPlatforms) = preSolution
		Debug|Any CPU = Debug|Any CPU
		Release|Any CPU = Release|Any CPU
	EndGlobalSection
	GlobalSection(ProjectConfigurationPlatforms) = postSolution
		{A28751EA-732E-4C49-A6C0-016D1859C1CE}.Debug|Any CPU.ActiveCfg = Debug|Any CPU
		{A28751EA-732E-4C49-A6C0-016D1859C1CE}.Debug|Any CPU.Build.0 = Debug|Any CPU
		{A28751EA-732E-4C49-A6C0-016D1859C1CE}.Release|Any CPU.ActiveCfg = Release|Any CPU
		{A28751EA-732E-4C49-A6C0-016D1859C1CE}.Release|Any CPU.Build.0 = Release|Any CPU
	EndGlobalSection
	GlobalSection(SolutionProperties) = preSolution
		HideSolutionNode = FALSE
	EndGlobalSection
	GlobalSection(ExtensibilityGlobals) = postSolution
		SolutionGuid = {EA822AB2-0DD1-42C8-95FD-DE12DEF25C18}
	EndGlobalSection
EndGlobal
