
Microsoft Visual Studio Solution File, Format Version 12.00
# Visual Studio 15
VisualStudioVersion = 15.0.28307.421
MinimumVisualStudioVersion = 10.0.40219.1
Project("{FAE04EC0-301F-11D3-BF4B-00C04F79EFBC}") = "DataMining", "DataMining\DataMining.csproj", "{CE482127-6888-4CCF-8171-79DF260402ED}"
EndProject
Global
	GlobalSection(SolutionConfigurationPlatforms) = preSolution
		Debug|Any CPU = Debug|Any CPU
		Release|Any CPU = Release|Any CPU
	EndGlobalSection
	GlobalSection(ProjectConfigurationPlatforms) = postSolution
		{CE482127-6888-4CCF-8171-79DF260402ED}.Debug|Any CPU.ActiveCfg = Debug|Any CPU
		{CE482127-6888-4CCF-8171-79DF260402ED}.Debug|Any CPU.Build.0 = Debug|Any CPU
		{CE482127-6888-4CCF-8171-79DF260402ED}.Release|Any CPU.ActiveCfg = Release|Any CPU
		{CE482127-6888-4CCF-8171-79DF260402ED}.Release|Any CPU.Build.0 = Release|Any CPU
	EndGlobalSection
	GlobalSection(SolutionProperties) = preSolution
		HideSolutionNode = FALSE
	EndGlobalSection
	GlobalSection(ExtensibilityGlobals) = postSolution
		SolutionGuid = {763D6343-2E7C-40A4-945F-557E2E54B082}
	EndGlobalSection
EndGlobal
